
Microsoft Visual Studio Solution File, Format Version 12.00
# Visual Studio 15
VisualStudioVersion = 15.0.28010.2048
MinimumVisualStudioVersion = 10.0.40219.1
Project("{FAE04EC0-301F-11D3-BF4B-00C04F79EFBC}") = "BooksServiceSampleHost", "BooksServiceSampleHost\BooksServiceSampleHost.csproj", "{23D7DCCC-89B0-4D8D-90B4-97ABA3A04FF2}"
EndProject
Project("{FAE04EC0-301F-11D3-BF4B-00C04F79EFBC}") = "BooksServices", "BooksServices\BooksServices.csproj", "{BDAEAA66-2CC5-4377-8026-925F09F8B139}"
EndProject
Global
	GlobalSection(SolutionConfigurationPlatforms) = preSolution
		Debug|Any CPU = Debug|Any CPU
		Release|Any CPU = Release|Any CPU
	EndGlobalSection
	GlobalSection(ProjectConfigurationPlatforms) = postSolution
		{23D7DCCC-89B0-4D8D-90B4-97ABA3A04FF2}.Debug|Any CPU.ActiveCfg = Debug|Any CPU
		{23D7DCCC-89B0-4D8D-90B4-97ABA3A04FF2}.Debug|Any CPU.Build.0 = Debug|Any CPU
		{23D7DCCC-89B0-4D8D-90B4-97ABA3A04FF2}.Release|Any CPU.ActiveCfg = Release|Any CPU
		{23D7DCCC-89B0-4D8D-90B4-97ABA3A04FF2}.Release|Any CPU.Build.0 = Release|Any CPU
		{BDAEAA66-2CC5-4377-8026-925F09F8B139}.Debug|Any CPU.ActiveCfg = Debug|Any CPU
		{BDAEAA66-2CC5-4377-8026-925F09F8B139}.Debug|Any CPU.Build.0 = Debug|Any CPU
		{BDAEAA66-2CC5-4377-8026-925F09F8B139}.Release|Any CPU.ActiveCfg = Release|Any CPU
		{BDAEAA66-2CC5-4377-8026-925F09F8B139}.Release|Any CPU.Build.0 = Release|Any CPU
	EndGlobalSection
	GlobalSection(SolutionProperties) = preSolution
		HideSolutionNode = FALSE
	EndGlobalSection
	GlobalSection(ExtensibilityGlobals) = postSolution
		SolutionGuid = {09185B32-018C-4E29-B3A5-67B7663F5E67}
	EndGlobalSection
EndGlobal
